
Microsoft Visual Studio Solution File, Format Version 12.00
# Visual Studio Version 17
VisualStudioVersion = 17.11.35219.272
MinimumVisualStudioVersion = 10.0.40219.1
Project("{FAE04EC0-301F-11D3-BF4B-00C04F79EFBC}") = "ClinicaNeko", "ClinicaNeko\ClinicaNeko.csproj", "{3582FD75-785E-4B72-BF72-094850575F53}"
EndProject
Project("{FAE04EC0-301F-11D3-BF4B-00C04F79EFBC}") = "ClinicaNekoLib", "ClinicaNekoLib\ClinicaNekoLib.csproj", "{6722D113-A1BC-4C42-99E7-9114DE924120}"
EndProject
Global
	GlobalSection(SolutionConfigurationPlatforms) = preSolution
		Debug|Any CPU = Debug|Any CPU
		Release|Any CPU = Release|Any CPU
	EndGlobalSection
	GlobalSection(ProjectConfigurationPlatforms) = postSolution
		{3582FD75-785E-4B72-BF72-094850575F53}.Debug|Any CPU.ActiveCfg = Debug|Any CPU
		{3582FD75-785E-4B72-BF72-094850575F53}.Debug|Any CPU.Build.0 = Debug|Any CPU
		{3582FD75-785E-4B72-BF72-094850575F53}.Release|Any CPU.ActiveCfg = Release|Any CPU
		{3582FD75-785E-4B72-BF72-094850575F53}.Release|Any CPU.Build.0 = Release|Any CPU
		{6722D113-A1BC-4C42-99E7-9114DE924120}.Debug|Any CPU.ActiveCfg = Debug|Any CPU
		{6722D113-A1BC-4C42-99E7-9114DE924120}.Debug|Any CPU.Build.0 = Debug|Any CPU
		{6722D113-A1BC-4C42-99E7-9114DE924120}.Release|Any CPU.ActiveCfg = Release|Any CPU
		{6722D113-A1BC-4C42-99E7-9114DE924120}.Release|Any CPU.Build.0 = Release|Any CPU
	EndGlobalSection
	GlobalSection(SolutionProperties) = preSolution
		HideSolutionNode = FALSE
	EndGlobalSection
	GlobalSection(ExtensibilityGlobals) = postSolution
		SolutionGuid = {FF63E88B-5AD2-4392-970C-46A9B437305F}
	EndGlobalSection
EndGlobal
